
Microsoft Visual Studio Solution File, Format Version 12.00
# Visual Studio Version 17
VisualStudioVersion = 17.10.35013.160
MinimumVisualStudioVersion = 10.0.40219.1
Project("{FAE04EC0-301F-11D3-BF4B-00C04F79EFBC}") = "BARS-Plugin-V2", "BARS-Plugin-V2.csproj", "{0EA3882D-9B72-46F5-9826-2DB6FE81CD60}"
EndProject
Global
	GlobalSection(SolutionConfigurationPlatforms) = preSolution
		Debug|Any CPU = Debug|Any CPU
		Debug|x86 = Debug|x86
		Release|Any CPU = Release|Any CPU
		Release|x86 = Release|x86
	EndGlobalSection
	GlobalSection(ProjectConfigurationPlatforms) = postSolution
		{0EA3882D-9B72-46F5-9826-2DB6FE81CD60}.Debug|Any CPU.ActiveCfg = Debug|Any CPU
		{0EA3882D-9B72-46F5-9826-2DB6FE81CD60}.Debug|Any CPU.Build.0 = Debug|Any CPU
		{0EA3882D-9B72-46F5-9826-2DB6FE81CD60}.Debug|x86.ActiveCfg = Debug|x86
		{0EA3882D-9B72-46F5-9826-2DB6FE81CD60}.Debug|x86.Build.0 = Debug|x86
		{0EA3882D-9B72-46F5-9826-2DB6FE81CD60}.Release|Any CPU.ActiveCfg = Release|x86
		{0EA3882D-9B72-46F5-9826-2DB6FE81CD60}.Release|Any CPU.Build.0 = Release|x86
		{0EA3882D-9B72-46F5-9826-2DB6FE81CD60}.Release|x86.ActiveCfg = Release|x86
		{0EA3882D-9B72-46F5-9826-2DB6FE81CD60}.Release|x86.Build.0 = Release|x86
	EndGlobalSection
	GlobalSection(SolutionProperties) = preSolution
		HideSolutionNode = FALSE
	EndGlobalSection
	GlobalSection(ExtensibilityGlobals) = postSolution
		SolutionGuid = {FDBEEE9E-C562-4A3C-89BC-95BCA6F0E410}
	EndGlobalSection
EndGlobal
